#
# This file is autogenerated by pip-compile with Python 3.11
# by the following command:
#
#    pip-compile --output-file=requirements.lock --strip-extras requirements.in
#
packaging==26.2
    # via -r requirements.in
ruff==0.15.13
    # via -r requirements.in
websocket-client==1.9.0
    # via -r requirements.in
